
Microsoft Visual Studio Solution File, Format Version 12.00
# Visual Studio Version 16
VisualStudioVersion = 16.0.31005.135
MinimumVisualStudioVersion = 10.0.40219.1
Project("{FAE04EC0-301F-11D3-BF4B-00C04F79EFBC}") = "Shapes", "Shapes\Shapes.csproj", "{2C4386A4-FC42-44D6-BD5B-AEDD30604E49}"
EndProject
Global
	GlobalSection(SolutionConfigurationPlatforms) = preSolution
		Debug|Any CPU = Debug|Any CPU
		Release|Any CPU = Release|Any CPU
	EndGlobalSection
	GlobalSection(ProjectConfigurationPlatforms) = postSolution
		{2C4386A4-FC42-44D6-BD5B-AEDD30604E49}.Debug|Any CPU.ActiveCfg = Debug|Any CPU
		{2C4386A4-FC42-44D6-BD5B-AEDD30604E49}.Debug|Any CPU.Build.0 = Debug|Any CPU
		{2C4386A4-FC42-44D6-BD5B-AEDD30604E49}.Release|Any CPU.ActiveCfg = Release|Any CPU
		{2C4386A4-FC42-44D6-BD5B-AEDD30604E49}.Release|Any CPU.Build.0 = Release|Any CPU
	EndGlobalSection
	GlobalSection(SolutionProperties) = preSolution
		HideSolutionNode = FALSE
	EndGlobalSection
	GlobalSection(ExtensibilityGlobals) = postSolution
		SolutionGuid = {B51ABC0F-8F77-4F0A-B33D-AB59593C5E01}
	EndGlobalSection
EndGlobal
